github.com/hugo-fixit/FixIt v0.4.5 h1:0nO/A/9b2Xbn7rqPn8lr1UtEv2NuzmXi684wm27y2gk=
github.com/hugo-fixit/FixIt v0.4.5/go.mod h1:3XIRedrqakO7/a4ZnhE46haMRF8HgsT0N0B5j5D2iRU=
github.com/hugo-fixit/FixIt v1.0.0-alpha.1 h1:rMMTVOrznmWx8t3Aq0i38NYApZGBojDWOA9En2IVUnY=
github.com/hugo-fixit/FixIt v1.0.0-alpha.1/go.mod h1:D2RkJMpHc5FMFhlqDLljt5jopjiFOapRWG6PaKbjHuE=
